{
  "name": "webpack-ftp-plugin2",
  "version": "0.0.1",
  "lockfileVersion": 1,
  "requires": true,
  "dependencies": {
    "async": {
      "version": "2.6.1",
      "resolved": "https://registry.npmjs.org/async/-/async-2.6.1.tgz",
      "integrity": "sha512-fNEiL2+AZt6AlAw/29Cr0UDe4sRAHCpEHh54WMz+Bb7QfNcFw4h3loofyJpLeQs4Yx7yuqu/2dLgM5hKOs6HlQ==",
      "requires": {
        "lodash": "4.17.11"
      }
    },
    "colors": {
      "version": "1.3.2",
      "resolved": "https://registry.npmjs.org/colors/-/colors-1.3.2.tgz",
      "integrity": "sha512-rhP0JSBGYvpcNQj4s5AdShMeE5ahMop96cTeDl/v9qQQm2fYClE2QXZRi8wLzc+GmXSxdIqqbOIAhyObEXDbfQ=="
    },
    "core-util-is": {
      "version": "1.0.2",
      "resolved": "https://registry.npmjs.org/core-util-is/-/core-util-is-1.0.2.tgz",
      "integrity": "sha1-tf1UIgqivFq1eqtxQMlAdUUDwac="
    },
    "debug": {
      "version": "3.2.5",
      "resolved": "https://registry.npmjs.org/debug/-/debug-3.2.5.tgz",
      "integrity": "sha512-D61LaDQPQkxJ5AUM2mbSJRbPkNs/TmdmOeLAi1hgDkpDfIfetSrjmWhccwtuResSwMbACjx/xXQofvM9CE/aeg==",
      "requires": {
        "ms": "2.1.1"
      }
    },
    "duplexer": {
      "version": "0.1.1",
      "resolved": "http://registry.npmjs.org/duplexer/-/duplexer-0.1.1.tgz",
      "integrity": "sha1-rOb/gIwc5mtX0ev5eXessCM0z8E="
    },
    "ftp-response-parser": {
      "version": "1.0.1",
      "resolved": "https://registry.npmjs.org/ftp-response-parser/-/ftp-response-parser-1.0.1.tgz",
      "integrity": "sha1-O50z+O3V+45HALj3eMRi5bFYH4k=",
      "requires": {
        "readable-stream": "1.1.14"
      }
    },
    "iconv-lite": {
      "version": "0.4.24",
      "resolved": "https://registry.npmjs.org/iconv-lite/-/iconv-lite-0.4.24.tgz",
      "integrity": "sha512-v3MXnZAcvnywkTUEZomIActle7RXXeedOR31wwl7VlyoXO4Qi9arvSenNQWne1TcRwhCL1HwLI21bEqdpj8/rA==",
      "requires": {
        "safer-buffer": "2.1.2"
      }
    },
    "inherits": {
      "version": "2.0.3",
      "resolved": "https://registry.npmjs.org/inherits/-/inherits-2.0.3.tgz",
      "integrity": "sha1-Yzwsg+PaQqUC9SRmAiSA9CCCYd4="
    },
    "isarray": {
      "version": "0.0.1",
      "resolved": "https://registry.npmjs.org/isarray/-/isarray-0.0.1.tgz",
      "integrity": "sha1-ihis/Kmo9Bd+Cav8YDiTmwXR7t8="
    },
    "jsftp": {
      "version": "2.1.3",
      "resolved": "https://registry.npmjs.org/jsftp/-/jsftp-2.1.3.tgz",
      "integrity": "sha512-r79EVB8jaNAZbq8hvanL8e8JGu2ZNr2bXdHC4ZdQhRImpSPpnWwm5DYVzQ5QxJmtGtKhNNuvqGgbNaFl604fEQ==",
      "requires": {
        "debug": "3.2.5",
        "ftp-response-parser": "1.0.1",
        "once": "1.4.0",
        "parse-listing": "1.1.3",
        "stream-combiner": "0.2.2",
        "unorm": "1.4.1"
      }
    },
    "lodash": {
      "version": "4.17.11",
      "resolved": "https://registry.npmjs.org/lodash/-/lodash-4.17.11.tgz",
      "integrity": "sha512-cQKh8igo5QUhZ7lg38DYWAxMvjSAKG0A8wGSVimP07SIUEK2UO+arSRKbRZWtelMtN5V0Hkwh5ryOto/SshYIg=="
    },
    "ms": {
      "version": "2.1.1",
      "resolved": "https://registry.npmjs.org/ms/-/ms-2.1.1.tgz",
      "integrity": "sha512-tgp+dl5cGk28utYktBsrFqA7HKgrhgPsg6Z/EfhWI4gl1Hwq8B/GmY/0oXZ6nF8hDVesS/FpnYaD/kOWhYQvyg=="
    },
    "once": {
      "version": "1.4.0",
      "resolved": "https://registry.npmjs.org/once/-/once-1.4.0.tgz",
      "integrity": "sha1-WDsap3WWHUsROsF9nFC6753Xa9E=",
      "requires": {
        "wrappy": "1.0.2"
      }
    },
    "parse-listing": {
      "version": "1.1.3",
      "resolved": "https://registry.npmjs.org/parse-listing/-/parse-listing-1.1.3.tgz",
      "integrity": "sha1-qlRvV/3BKc+/mUXNS3V7FLBhgt0="
    },
    "readable-stream": {
      "version": "1.1.14",
      "resolved": "http://registry.npmjs.org/readable-stream/-/readable-stream-1.1.14.tgz",
      "integrity": "sha1-fPTFTvZI44EwhMY23SB54WbAgdk=",
      "requires": {
        "core-util-is": "1.0.2",
        "inherits": "2.0.3",
        "isarray": "0.0.1",
        "string_decoder": "0.10.31"
      }
    },
    "safer-buffer": {
      "version": "2.1.2",
      "resolved": "https://registry.npmjs.org/safer-buffer/-/safer-buffer-2.1.2.tgz",
      "integrity": "sha512-YZo3K82SD7Riyi0E1EQPojLz7kpepnSQI9IyPbHHg1XXXevb5dJI7tpyN2ADxGcQbHG7vcyRHk0cbwqcQriUtg=="
    },
    "stream-combiner": {
      "version": "0.2.2",
      "resolved": "http://registry.npmjs.org/stream-combiner/-/stream-combiner-0.2.2.tgz",
      "integrity": "sha1-rsjLrBd7Vrb0+kec7YwZEs7lKFg=",
      "requires": {
        "duplexer": "0.1.1",
        "through": "2.3.8"
      }
    },
    "string_decoder": {
      "version": "0.10.31",
      "resolved": "https://registry.npmjs.org/string_decoder/-/string_decoder-0.10.31.tgz",
      "integrity": "sha1-YuIDvEF2bGwoyfyEMB2rHFMQ+pQ="
    },
    "through": {
      "version": "2.3.8",
      "resolved": "http://registry.npmjs.org/through/-/through-2.3.8.tgz",
      "integrity": "sha1-DdTJ/6q8NXlgsbckEV1+Doai4fU="
    },
    "unorm": {
      "version": "1.4.1",
      "resolved": "https://registry.npmjs.org/unorm/-/unorm-1.4.1.tgz",
      "integrity": "sha1-NkIA1fE2RsqLzURJAnEzVhR5IwA="
    },
    "wrappy": {
      "version": "1.0.2",
      "resolved": "https://registry.npmjs.org/wrappy/-/wrappy-1.0.2.tgz",
      "integrity": "sha1-tSQ9jz7BqjXxNkYFvA0QNuMKtp8="
    }
  }
}
